PODS:
  - ArrayPlusTuple (0.1.0)
  - Nimble (7.0.3)
  - Quick (1.2.0)

DEPENDENCIES:
  - ArrayPlusTuple (from `../`)
  - Nimble (~> 7.0.2)
  - Quick (~> 1.2.0)

SPEC REPOS:
  https://github.com/cocoapods/specs.git:
    - Nimble
    - Quick

EXTERNAL SOURCES:
  ArrayPlusTuple:
    :path: "../"

SPEC CHECKSUMS:
  ArrayPlusTuple: ac35d82e592a3231e1a07aa1a4243c297a066167
  Nimble: 7f5a9c447a33002645a071bddafbfb24ea70e0ac
  Quick: 58d203b1c5e27fff7229c4c1ae445ad7069a7a08

PODFILE CHECKSUM: db7f2682321071ee7d01757668a3d96250d23872

COCOAPODS: 1.5.2
